
Microsoft Visual Studio Solution File, Format Version 12.00
# Visual Studio Version 16
VisualStudioVersion = 16.0.31624.102
MinimumVisualStudioVersion = 10.0.40219.1
Project("{FAE04EC0-301F-11D3-BF4B-00C04F79EFBC}") = "teste", "teste.csproj", "{EF8680C7-13F2-4DDC-8897-5859DE79F70F}"
EndProject
Global
	GlobalSection(SolutionConfigurationPlatforms) = preSolution
		Debug|Any CPU = Debug|Any CPU
		Release|Any CPU = Release|Any CPU
	EndGlobalSection
	GlobalSection(ProjectConfigurationPlatforms) = postSolution
		{EF8680C7-13F2-4DDC-8897-5859DE79F70F}.Debug|Any CPU.ActiveCfg = Debug|Any CPU
		{EF8680C7-13F2-4DDC-8897-5859DE79F70F}.Debug|Any CPU.Build.0 = Debug|Any CPU
		{EF8680C7-13F2-4DDC-8897-5859DE79F70F}.Release|Any CPU.ActiveCfg = Release|Any CPU
		{EF8680C7-13F2-4DDC-8897-5859DE79F70F}.Release|Any CPU.Build.0 = Release|Any CPU
	EndGlobalSection
	GlobalSection(SolutionProperties) = preSolution
		HideSolutionNode = FALSE
	EndGlobalSection
	GlobalSection(ExtensibilityGlobals) = postSolution
		SolutionGuid = {8188C3C7-8EBD-4FCD-8137-6905FA231C66}
	EndGlobalSection
EndGlobal
